
Microsoft Visual Studio Solution File, Format Version 12.00
# Visual Studio Version 17
VisualStudioVersion = 17.6.33829.357
MinimumVisualStudioVersion = 10.0.40219.1
Project("{FAE04EC0-301F-11D3-BF4B-00C04F79EFBC}") = "event_handler", "event_handler.csproj", "{24D5F58A-3E4C-406B-9D75-FB2C327ADFC6}"
EndProject
Global
	GlobalSection(SolutionConfigurationPlatforms) = preSolution
		Debug|Any CPU = Debug|Any CPU
		Release|Any CPU = Release|Any CPU
	EndGlobalSection
	GlobalSection(ProjectConfigurationPlatforms) = postSolution
		{24D5F58A-3E4C-406B-9D75-FB2C327ADFC6}.Debug|Any CPU.ActiveCfg = Debug|Any CPU
		{24D5F58A-3E4C-406B-9D75-FB2C327ADFC6}.Debug|Any CPU.Build.0 = Debug|Any CPU
		{24D5F58A-3E4C-406B-9D75-FB2C327ADFC6}.Release|Any CPU.ActiveCfg = Release|Any CPU
		{24D5F58A-3E4C-406B-9D75-FB2C327ADFC6}.Release|Any CPU.Build.0 = Release|Any CPU
	EndGlobalSection
	GlobalSection(SolutionProperties) = preSolution
		HideSolutionNode = FALSE
	EndGlobalSection
	GlobalSection(ExtensibilityGlobals) = postSolution
		SolutionGuid = {5D5E05B1-0D61-4B76-944B-3E68D2B68D20}
	EndGlobalSection
EndGlobal
